
Microsoft Visual Studio Solution File, Format Version 12.00
# Visual Studio Version 17
VisualStudioVersion = 17.6.33829.357
MinimumVisualStudioVersion = 10.0.40219.1
Project("{F184B08F-C81C-45F6-A57F-5ABD9991F28F}") = "BMSE", "BMSE.vbproj", "{4D4B4647-7582-4095-AD65-FCC017775B30}"
EndProject
Global
	GlobalSection(SolutionConfigurationPlatforms) = preSolution
		Debug|Any CPU = Debug|Any CPU
		Release|Any CPU = Release|Any CPU
	EndGlobalSection
	GlobalSection(ProjectConfigurationPlatforms) = postSolution
		{4D4B4647-7582-4095-AD65-FCC017775B30}.Debug|Any CPU.ActiveCfg = Debug|Any CPU
		{4D4B4647-7582-4095-AD65-FCC017775B30}.Debug|Any CPU.Build.0 = Debug|Any CPU
		{4D4B4647-7582-4095-AD65-FCC017775B30}.Release|Any CPU.ActiveCfg = Release|Any CPU
		{4D4B4647-7582-4095-AD65-FCC017775B30}.Release|Any CPU.Build.0 = Release|Any CPU
	EndGlobalSection
	GlobalSection(SolutionProperties) = preSolution
		HideSolutionNode = FALSE
	EndGlobalSection
	GlobalSection(ExtensibilityGlobals) = postSolution
		SolutionGuid = {4E54C049-F146-4003-8E13-0FB08BBAC746}
	EndGlobalSection
EndGlobal
